
Microsoft Visual Studio Solution File, Format Version 12.00
# Visual Studio Version 17
VisualStudioVersion = 17.0.31903.59
MinimumVisualStudioVersion = 10.0.40219.1
Project("{2150E333-8FDC-42A3-9474-1A3956D46DE8}") = "src", "src", "{34374A92-D78D-4B25-9E34-FC19E2F11841}"
EndProject
Project("{FAE04EC0-301F-11D3-BF4B-00C04F79EFBC}") = "MultiPathIndustrialProcessor", "src\MultiPathIndustrialProcessor\MultiPathIndustrialProcessor.csproj", "{2ACB6427-A44B-42DF-BDC7-BA621A494C80}"
EndProject
Project("{FAE04EC0-301F-11D3-BF4B-00C04F79EFBC}") = "OnlineShopping", "src\OnlineShopping\OnlineShopping.csproj", "{D4128E21-A631-4847-A5D0-C4BC66222D57}"
EndProject
Global
	GlobalSection(SolutionConfigurationPlatforms) = preSolution
		Debug|Any CPU = Debug|Any CPU
		Release|Any CPU = Release|Any CPU
	EndGlobalSection
	GlobalSection(SolutionProperties) = preSolution
		HideSolutionNode = FALSE
	EndGlobalSection
	GlobalSection(ProjectConfigurationPlatforms) = postSolution
		{2ACB6427-A44B-42DF-BDC7-BA621A494C80}.Debug|Any CPU.ActiveCfg = Debug|Any CPU
		{2ACB6427-A44B-42DF-BDC7-BA621A494C80}.Debug|Any CPU.Build.0 = Debug|Any CPU
		{2ACB6427-A44B-42DF-BDC7-BA621A494C80}.Release|Any CPU.ActiveCfg = Release|Any CPU
		{2ACB6427-A44B-42DF-BDC7-BA621A494C80}.Release|Any CPU.Build.0 = Release|Any CPU
		{D4128E21-A631-4847-A5D0-C4BC66222D57}.Debug|Any CPU.ActiveCfg = Debug|Any CPU
		{D4128E21-A631-4847-A5D0-C4BC66222D57}.Debug|Any CPU.Build.0 = Debug|Any CPU
		{D4128E21-A631-4847-A5D0-C4BC66222D57}.Release|Any CPU.ActiveCfg = Release|Any CPU
		{D4128E21-A631-4847-A5D0-C4BC66222D57}.Release|Any CPU.Build.0 = Release|Any CPU
	EndGlobalSection
	GlobalSection(NestedProjects) = preSolution
		{2ACB6427-A44B-42DF-BDC7-BA621A494C80} = {34374A92-D78D-4B25-9E34-FC19E2F11841}
		{D4128E21-A631-4847-A5D0-C4BC66222D57} = {34374A92-D78D-4B25-9E34-FC19E2F11841}
	EndGlobalSection
EndGlobal
